
Microsoft Visual Studio Solution File, Format Version 12.00
# Visual Studio Version 16
VisualStudioVersion = 16.0.29403.142
MinimumVisualStudioVersion = 10.0.40219.1
Project("{FAE04EC0-301F-11D3-BF4B-00C04F79EFBC}") = "open-lab-03.02", "open-lab-03.02\open-lab-03.02.csproj", "{814DB9C6-ACA2-49D0-97A8-808C21A8890F}"
EndProject
Global
	GlobalSection(SolutionConfigurationPlatforms) = preSolution
		Debug|Any CPU = Debug|Any CPU
		Release|Any CPU = Release|Any CPU
	EndGlobalSection
	GlobalSection(ProjectConfigurationPlatforms) = postSolution
		{814DB9C6-ACA2-49D0-97A8-808C21A8890F}.Debug|Any CPU.ActiveCfg = Debug|Any CPU
		{814DB9C6-ACA2-49D0-97A8-808C21A8890F}.Debug|Any CPU.Build.0 = Debug|Any CPU
		{814DB9C6-ACA2-49D0-97A8-808C21A8890F}.Release|Any CPU.ActiveCfg = Release|Any CPU
		{814DB9C6-ACA2-49D0-97A8-808C21A8890F}.Release|Any CPU.Build.0 = Release|Any CPU
	EndGlobalSection
	GlobalSection(SolutionProperties) = preSolution
		HideSolutionNode = FALSE
	EndGlobalSection
	GlobalSection(ExtensibilityGlobals) = postSolution
		SolutionGuid = {C0E2206A-1B2D-400B-9D68-B354638262BA}
	EndGlobalSection
EndGlobal
